{
  "requires": true,
  "lockfileVersion": 1,
  "dependencies": {
    "@toast-ui/chart": {
      "version": "4.4.1",
      "resolved": "https://registry.npmjs.org/@toast-ui/chart/-/chart-4.4.1.tgz",
      "integrity": "sha512-0naYSTqBmPGI1NuRbt3XWWP9dxpjarJkjMpYNclcFy7AQa/++MBwjcqMsPF453lk3/NBSKrF5HkPUXDdcvHBfg=="
    }
  }
}